{
  "originHash" : "5ba401722569a3e22211b88fbda7650103da251d97657dd5bad1f6f6befcbf39",
  "pins" : [
    {
      "identity" : "swift-blend2d",
      "kind" : "remoteSourceControl",
      "location" : "https://github.com/LuizZak/swift-blend2d",
      "state" : {
        "branch" : "master",
        "revision" : "df2a566c5bbf406f5a28b0fca87b318195fd0d99"
      }
    },
    {
      "identity" : "swift-syntax",
      "kind" : "remoteSourceControl",
      "location" : "https://github.com/swiftlang/swift-syntax",
      "state" : {
        "revision" : "4799286537280063c85a32f09884cfbca301b1a1",
        "version" : "602.0.0"
      }
    },
    {
      "identity" : "swinit",
      "kind" : "remoteSourceControl",
      "location" : "https://github.com/ongsalt/swinit",
      "state" : {
        "branch" : "main",
        "revision" : "f60d94a62eca07c929cf8d20a764bd2418be7459"
      }
    }
  ],
  "version" : 3
}