{
  "originHash" : "66e25bac9e224e032cb47a93ac2479bb218eab83169c8c14f26c5c47f4374c2f",
  "pins" : [
    {
      "identity" : "swift-argument-parser",
      "kind" : "remoteSourceControl",
      "location" : "https://github.com/apple/swift-argument-parser",
      "state" : {
        "revision" : "6a52f3251125d74daf04fcbd5e6f08a75d074382",
        "version" : "1.8.2"
      }
    },
    {
      "identity" : "swift-blend2d",
      "kind" : "remoteSourceControl",
      "location" : "https://github.com/LuizZak/swift-blend2d",
      "state" : {
        "branch" : "master",
        "revision" : "df2a566c5bbf406f5a28b0fca87b318195fd0d99"
      }
    },
    {
      "identity" : "swift-syntax",
      "kind" : "remoteSourceControl",
      "location" : "https://github.com/swiftlang/swift-syntax",
      "state" : {
        "revision" : "4799286537280063c85a32f09884cfbca301b1a1",
        "version" : "602.0.0"
      }
    },
    {
      "identity" : "swift-vulkan",
      "kind" : "remoteSourceControl",
      "location" : "https://github.com/ongsalt/swift-vulkan",
      "state" : {
        "revision" : "ad4cffdd4e159479b1ebcbd06a8c68a122bf9520"
      }
    },
    {
      "identity" : "swiftwayland",
      "kind" : "remoteSourceControl",
      "location" : "https://github.com/ongsalt/SwiftWayland",
      "state" : {
        "branch" : "master",
        "revision" : "05abc97747fc02e1f687b66b6c9868d008ee7823"
      }
    },
    {
      "identity" : "swinit",
      "kind" : "remoteSourceControl",
      "location" : "https://github.com/ongsalt/swinit",
      "state" : {
        "branch" : "main",
        "revision" : "ab4c0f3637a3e2ebb3337d1a034404249804183e"
      }
    },
    {
      "identity" : "xmlcoder",
      "kind" : "remoteSourceControl",
      "location" : "https://github.com/CoreOffice/XMLCoder.git",
      "state" : {
        "revision" : "42f62383dbcd074440cb1f6a750b9c02df9e7325",
        "version" : "0.18.2"
      }
    }
  ],
  "version" : 3
}
