{
  "originHash" : "d0c48f817f3dd048eab0994f93dc2a78843adb5aca7455742fc4ce8f10752af4",
  "pins" : [
    {
      "identity" : "swift-argument-parser",
      "kind" : "remoteSourceControl",
      "location" : "https://github.com/apple/swift-argument-parser",
      "state" : {
        "revision" : "6a52f3251125d74daf04fcbd5e6f08a75d074382",
        "version" : "1.8.2"
      }
    },
    {
      "identity" : "swift-syntax",
      "kind" : "remoteSourceControl",
      "location" : "https://github.com/swiftlang/swift-syntax",
      "state" : {
        "revision" : "4799286537280063c85a32f09884cfbca301b1a1",
        "version" : "602.0.0"
      }
    },
    {
      "identity" : "swift-vulkan",
      "kind" : "remoteSourceControl",
      "location" : "https://github.com/ongsalt/swift-vulkan",
      "state" : {
        "revision" : "ad4cffdd4e159479b1ebcbd06a8c68a122bf9520"
      }
    },
    {
      "identity" : "swiftwayland",
      "kind" : "remoteSourceControl",
      "location" : "https://github.com/ongsalt/SwiftWayland",
      "state" : {
        "branch" : "master",
        "revision" : "2ea48ec780889f830b780cf9746a7821f2b4fbea"
      }
    },
    {
      "identity" : "swinit",
      "kind" : "remoteSourceControl",
      "location" : "https://github.com/ongsalt/swinit",
      "state" : {
        "branch" : "main",
        "revision" : "3536d75679fb86456e1807ddd4b90b0330408a70"
      }
    },
    {
      "identity" : "xmlcoder",
      "kind" : "remoteSourceControl",
      "location" : "https://github.com/CoreOffice/XMLCoder.git",
      "state" : {
        "revision" : "42f62383dbcd074440cb1f6a750b9c02df9e7325",
        "version" : "0.18.2"
      }
    }
  ],
  "version" : 3
}